{
  "name": "@guardian/anghammarad",
  "version": "3.0.5",
  "lockfileVersion": 3,
  "requires": true,
  "packages": {
    "": {
      "name": "@guardian/anghammarad",
      "version": "3.0.5",
      "license": "MIT",
      "devDependencies": {
        "@changesets/cli": "^3.0.0",
        "@guardian/tsconfig": "2.0.0",
        "typescript": "5.9.3"
      },
      "peerDependencies": {
        "@aws-sdk/client-sns": "^3.1100.0"
      }
    },
    "node_modules/@aws-sdk/client-sns": {
      "version": "3.1100.0",
      "resolved": "https://registry.npmjs.org/@aws-sdk/client-sns/-/client-sns-3.1100.0.tgz",
      "integrity": "sha512-Zu5ThUCqcbD6u+wSY44dUAC+p7YCK3ovHO5V8/usTn0UV/gO0Aq+RYLK5874FbH4iYiJy6h2iaVA1DLXhVLIuw==",
      "license": "Apache-2.0",
      "peer": true,
      "dependencies": {
        "@aws-sdk/core": "^3.977.4",
        "@aws-sdk/credential-provider-node": "^3.972.76",
        "@aws-sdk/types": "^3.974.2",
        "@smithy/core": "^3.31.1",
        "@smithy/fetch-http-handler": "^5.6.13",
        "@smithy/node-http-handler": "^4.9.13",
        "@smithy/types": "^4.16.1",
        "tslib": "^2.6.2"
      },
      "engines": {
        "node": ">=20.0.0"
      }
    },
    "node_modules/@aws-sdk/core": {
      "version": "3.977.4",
      "resolved": "https://registry.npmjs.org/@aws-sdk/core/-/core-3.977.4.tgz",
      "integrity": "sha512-CEkcQlMOQJCvul60U7wdAOACjtdgFWDsfJI+6wUOGdhGNV2lGbuJpi/R50QLpFG3Tp+sQxa/RmzC3X7KHbhuTA==",
      "license": "Apache-2.0",
      "peer": true,
      "dependencies": {
        "@aws-sdk/types": "^3.974.2",
        "@aws-sdk/xml-builder": "^3.972.37",
        "@aws/lambda-invoke-store": "^0.3.0",
        "@smithy/core": "^3.31.1",
        "@smithy/signature-v4": "^5.6.12",
        "@smithy/types": "^4.16.1",
        "bowser": "^2.11.0",
        "tslib": "^2.6.2"
      },
      "engines": {
        "node": ">=20.0.0"
      }
    },
    "node_modules/@aws-sdk/credential-provider-env": {
      "version": "3.972.65",
      "resolved": "https://registry.npmjs.org/@aws-sdk/credential-provider-env/-/credential-provider-env-3.972.65.tgz",
      "integrity": "sha512-lJT2aRw9wCV8jPHyFJjdZLD4HTydL6/22AnCSOB8e/LqOc55nEJGLHkJQeSxhn8QiqyjFwPKQFtMw0ovjRUY/g==",
      "license": "Apache-2.0",
      "peer": true,
      "dependencies": {
        "@aws-sdk/core": "^3.977.4",
        "@aws-sdk/types": "^3.974.2",
        "@smithy/core": "^3.31.1",
        "@smithy/types": "^4.16.1",
        "tslib": "^2.6.2"
      },
      "engines": {
        "node": ">=20.0.0"
      }
    },
    "node_modules/@aws-sdk/credential-provider-http": {
      "version": "3.972.67",
      "resolved": "https://registry.npmjs.org/@aws-sdk/credential-provider-http/-/credential-provider-http-3.972.67.tgz",
      "integrity": "sha512-N7fw/15hSwI/CPxe5ohOyb7O4ge9f5me1gVIn8OIkBRB0squ8OJqQyDyH/HoL+Sb1W5xdC88jVC+bHkw73iu+Q==",
      "license": "Apache-2.0",
      "peer": true,
      "dependencies": {
        "@aws-sdk/core": "^3.977.4",
        "@aws-sdk/types": "^3.974.2",
        "@smithy/core": "^3.31.1",
        "@smithy/fetch-http-handler": "^5.6.13",
        "@smithy/node-http-handler": "^4.9.13",
        "@smithy/types": "^4.16.1",
        "tslib": "^2.6.2"
      },
      "engines": {
        "node": ">=20.0.0"
      }
    },
    "node_modules/@aws-sdk/credential-provider-ini": {
      "version": "3.973.10",
      "resolved": "https://registry.npmjs.org/@aws-sdk/credential-provider-ini/-/credential-provider-ini-3.973.10.tgz",
      "integrity": "sha512-Zh9XRaPnDN9buO7GfWBubS22R6Nq5D6hbyYEMN05LiOnXugm/8WDjUx6y756bSPbdn3aJB2qG4zFW3bN82QhoQ==",
      "license": "Apache-2.0",
      "peer": true,
      "dependencies": {
        "@aws-sdk/core": "^3.977.4",
        "@aws-sdk/credential-provider-env": "^3.972.65",
        "@aws-sdk/credential-provider-http": "^3.972.67",
        "@aws-sdk/credential-provider-login": "^3.972.72",
        "@aws-sdk/credential-provider-process": "^3.972.65",
        "@aws-sdk/credential-provider-sso": "^3.973.9",
        "@aws-sdk/credential-provider-web-identity": "^3.972.71",
        "@aws-sdk/nested-clients": "^3.997.39",
        "@aws-sdk/types": "^3.974.2",
        "@smithy/core": "^3.31.1",
        "@smithy/credential-provider-imds": "^4.4.16",
        "@smithy/types": "^4.16.1",
        "tslib": "^2.6.2"
      },
      "engines": {
        "node": ">=20.0.0"
      }
    },
    "node_modules/@aws-sdk/credential-provider-login": {
      "version": "3.972.72",
      "resolved": "https://registry.npmjs.org/@aws-sdk/credential-provider-login/-/credential-provider-login-3.972.72.tgz",
      "integrity": "sha512-zZapIKwaHp7TdTf9hbH1I3CVUdEupmt7FXO/BoTQGC+4h6NkXKWpqF2p5WyfpjurDLHCpSyh+BzMlAg8arqWLA==",
      "license": "Apache-2.0",
      "peer": true,
      "dependencies": {
        "@aws-sdk/core": "^3.977.4",
        "@aws-sdk/nested-clients": "^3.997.39",
        "@aws-sdk/types": "^3.974.2",
        "@smithy/core": "^3.31.1",
        "@smithy/types": "^4.16.1",
        "tslib": "^2.6.2"
      },
      "engines": {
        "node": ">=20.0.0"
      }
    },
    "node_modules/@aws-sdk/credential-provider-node": {
      "version": "3.972.76",
      "resolved": "https://registry.npmjs.org/@aws-sdk/credential-provider-node/-/credential-provider-node-3.972.76.tgz",
      "integrity": "sha512-1yzLmRiYSgGC25v7ZZEwJn/auhHHTIHgFOmzL2f36hf1+7jSLcX+1QrAz4760WEzPiiQl8xmlpFhHfl2OoyVzA==",
      "license": "Apache-2.0",
      "peer": true,
      "dependencies": {
        "@aws-sdk/credential-provider-env": "^3.972.65",
        "@aws-sdk/credential-provider-http": "^3.972.67",
        "@aws-sdk/credential-provider-ini": "^3.973.10",
        "@aws-sdk/credential-provider-process": "^3.972.65",
        "@aws-sdk/credential-provider-sso": "^3.973.9",
        "@aws-sdk/credential-provider-web-identity": "^3.972.71",
        "@aws-sdk/types": "^3.974.2",
        "@smithy/core": "^3.31.1",
        "@smithy/credential-provider-imds": "^4.4.16",
        "@smithy/types": "^4.16.1",
        "tslib": "^2.6.2"
      },
      "engines": {
        "node": ">=20.0.0"
      }
    },
    "node_modules/@aws-sdk/credential-provider-process": {
      "version": "3.972.65",
      "resolved": "https://registry.npmjs.org/@aws-sdk/credential-provider-process/-/credential-provider-process-3.972.65.tgz",
      "integrity": "sha512-e5DbbNteOSalN58U83G6kFa4ECLEuGbGqNBHIXE7zYXA/m4GHblIGjFbSH7wYv6gBV8iNSDcRZBKfQZF5vF9nw==",
      "license": "Apache-2.0",
      "peer": true,
      "dependencies": {
        "@aws-sdk/core": "^3.977.4",
        "@aws-sdk/types": "^3.974.2",
        "@smithy/core": "^3.31.1",
        "@smithy/types": "^4.16.1",
        "tslib": "^2.6.2"
      },
      "engines": {
        "node": ">=20.0.0"
      }
    },
    "node_modules/@aws-sdk/credential-provider-sso": {
      "version": "3.973.9",
      "resolved": "https://registry.npmjs.org/@aws-sdk/credential-provider-sso/-/credential-provider-sso-3.973.9.tgz",
      "integrity": "sha512-0V0u4t+KBku9fbh5CPCaC5hUWwSzDafp8nCuDy817zWbp2gz80jO44rMQkiwnZ+k54B+tjAtzRy00DJRGTKGBg==",
      "license": "Apache-2.0",
      "peer": true,
      "dependencies": {
        "@aws-sdk/core": "^3.977.4",
        "@aws-sdk/nested-clients": "^3.997.39",
        "@aws-sdk/token-providers": "3.1100.0",
        "@aws-sdk/types": "^3.974.2",
        "@smithy/core": "^3.31.1",
        "@smithy/types": "^4.16.1",
        "tslib": "^2.6.2"
      },
      "engines": {
        "node": ">=20.0.0"
      }
    },
    "node_modules/@aws-sdk/credential-provider-web-identity": {
      "version": "3.972.71",
      "resolved": "https://registry.npmjs.org/@aws-sdk/credential-provider-web-identity/-/credential-provider-web-identity-3.972.71.tgz",
      "integrity": "sha512-e4dwiRltGAaQ+2yxw57Hj0l/BF3BHiG14+QpYE7bGYBlpAq/fkIri2BDhjWon8c0mhhtd2txQBAkQb9BcTStFg==",
      "license": "Apache-2.0",
      "peer": true,
      "dependencies": {
        "@aws-sdk/core": "^3.977.4",
        "@aws-sdk/nested-clients": "^3.997.39",
        "@aws-sdk/types": "^3.974.2",
        "@smithy/core": "^3.31.1",
        "@smithy/types": "^4.16.1",
        "tslib": "^2.6.2"
      },
      "engines": {
        "node": ">=20.0.0"
      }
    },
    "node_modules/@aws-sdk/nested-clients": {
      "version": "3.997.39",
      "resolved": "https://registry.npmjs.org/@aws-sdk/nested-clients/-/nested-clients-3.997.39.tgz",
      "integrity": "sha512-wU5NPnj62Sb7A8xn/Zb+xThe05P3otNtDl37iOIi5DDMeCesNeCckaG+eXWGUs12Z9R34I8CD05TaTe6SIa61g==",
      "license": "Apache-2.0",
      "peer": true,
      "dependencies": {
        "@aws-sdk/core": "^3.977.4",
        "@aws-sdk/signature-v4-multi-region": "^3.996.43",
        "@aws-sdk/types": "^3.974.2",
        "@smithy/core": "^3.31.1",
        "@smithy/fetch-http-handler": "^5.6.13",
        "@smithy/node-http-handler": "^4.9.13",
        "@smithy/types": "^4.16.1",
        "tslib": "^2.6.2"
      },
      "engines": {
        "node": ">=20.0.0"
      }
    },
    "node_modules/@aws-sdk/signature-v4-multi-region": {
      "version": "3.996.43",
      "resolved": "https://registry.npmjs.org/@aws-sdk/signature-v4-multi-region/-/signature-v4-multi-region-3.996.43.tgz",
      "integrity": "sha512-lKekx8bLBXSv4O+cslk9Zfnw2XKSkWBs3uWL5QGhH2ZAQfNS7FE0vcSSN2vD/AhxX54ZTywWxR4STThoeOXlBA==",
      "license": "Apache-2.0",
      "peer": true,
      "dependencies": {
        "@aws-sdk/types": "^3.974.2",
        "@smithy/signature-v4": "^5.6.12",
        "@smithy/types": "^4.16.1",
        "tslib": "^2.6.2"
      },
      "engines": {
        "node": ">=20.0.0"
      }
    },
    "node_modules/@aws-sdk/token-providers": {
      "version": "3.1100.0",
      "resolved": "https://registry.npmjs.org/@aws-sdk/token-providers/-/token-providers-3.1100.0.tgz",
      "integrity": "sha512-THf3MkgY3fNJZ3zdgSenLqR7gSE68KccCj1RCKretlG73Ppszvues02VpCUO9NlB/tZDC483FvGCld+AiPCkvg==",
      "license": "Apache-2.0",
      "peer": true,
      "dependencies": {
        "@aws-sdk/core": "^3.977.4",
        "@aws-sdk/nested-clients": "^3.997.39",
        "@aws-sdk/types": "^3.974.2",
        "@smithy/core": "^3.31.1",
        "@smithy/types": "^4.16.1",
        "tslib": "^2.6.2"
      },
      "engines": {
        "node": ">=20.0.0"
      }
    },
    "node_modules/@aws-sdk/types": {
      "version": "3.974.2",
      "resolved": "https://registry.npmjs.org/@aws-sdk/types/-/types-3.974.2.tgz",
      "integrity": "sha512-3W6IUtSxFbH6X7Wb7DzGCV5QiFQsd0g8bOfntpmDxQlzBoKWUMBu/JPQR0DwkE+Hpnxd6db1tXbOwdeHddG6cA==",
      "license": "Apache-2.0",
      "peer": true,
      "dependencies": {
        "@smithy/types": "^4.16.1",
        "tslib": "^2.6.2"
      },
      "engines": {
        "node": ">=20.0.0"
      }
    },
    "node_modules/@aws-sdk/xml-builder": {
      "version": "3.972.37",
      "resolved": "https://registry.npmjs.org/@aws-sdk/xml-builder/-/xml-builder-3.972.37.tgz",
      "integrity": "sha512-zKq4HQum8JwDyEuyfuI4bbiAcU0KxP6qy+9PR/IsR92IyE/DaBAikzAS50tjxip4bqIIANpCcG+Yyj6CVhXupg==",
      "license": "Apache-2.0",
      "peer": true,
      "dependencies": {
        "@smithy/types": "^4.16.1",
        "tslib": "^2.6.2"
      },
      "engines": {
        "node": ">=20.0.0"
      }
    },
    "node_modules/@aws/lambda-invoke-store": {
      "version": "0.3.0",
      "resolved": "https://registry.npmjs.org/@aws/lambda-invoke-store/-/lambda-invoke-store-0.3.0.tgz",
      "integrity": "sha512-sl4Bm6yiMNYrZKkqqDFWN0UfnWhlS8ivKxrYl+6t0gCLrqr8y3B2IqZZbFRkfaVVp7C/baApyh71P+LeE1A2sQ==",
      "license": "Apache-2.0",
      "peer": true,
      "engines": {
        "node": ">=18.0.0"
      }
    },
    "node_modules/@changesets/apply-release-plan": {
      "version": "8.0.0",
      "resolved": "https://registry.npmjs.org/@changesets/apply-release-plan/-/apply-release-plan-8.0.0.tgz",
      "integrity": "sha512-kUd2pbf1w5/AYmBMb0Tt+rkIPCjFJdT0SZMrkOjJT/WV/QbtmvkyB5jkV0oaNPheavprZk+SfUiozUti7TIL2w==",
      "dev": true,
      "license": "MIT",
      "dependencies": {
        "@changesets/config": "^4.0.0",
        "@changesets/format": "^0.1.1",
        "@changesets/git": "^4.0.0",
        "@changesets/should-skip-package": "^1.0.0",
        "@changesets/types": "^7.0.0",
        "import-meta-resolve": "^4.2.0",
        "jsonc-parser": "^3.3.1",
        "semver": "^7.8.1"
      },
      "engines": {
        "node": "^22.11 || ^24 || >=26"
      }
    },
    "node_modules/@changesets/assemble-release-plan": {
      "version": "7.0.0",
      "resolved": "https://registry.npmjs.org/@changesets/assemble-release-plan/-/assemble-release-plan-7.0.0.tgz",
      "integrity": "sha512-oEW8BxdA604kGGtDSCiHr5w9Tv4UWe9I2k61IBNZzCOE1kbYaJj4v+lFQNgcEZFkUc2pV/+hASErGDvpJOZCTg==",
      "dev": true,
      "license": "MIT",
      "dependencies": {
        "@changesets/errors": "^1.0.0",
        "@changesets/get-dependents-graph": "^3.0.0",
        "@changesets/should-skip-package": "^1.0.0",
        "@changesets/types": "^7.0.0",
        "semver": "^7.8.1"
      },
      "engines": {
        "node": "^22.11 || ^24 || >=26"
      }
    },
    "node_modules/@changesets/changelog-git": {
      "version": "1.0.0",
      "resolved": "https://registry.npmjs.org/@changesets/changelog-git/-/changelog-git-1.0.0.tgz",
      "integrity": "sha512-3Dst2Ime2Op5nd4XmWJLPIgp11ZFqJqSkVug9izK6TDcIV4YlhPS4ECbEVR+eGI0bk0r1ItogD4j2Oli87bJrA==",
      "dev": true,
      "license": "MIT",
      "dependencies": {
        "@changesets/types": "^7.0.0"
      },
      "engines": {
        "node": "^22.11 || ^24 || >=26"
      }
    },
    "node_modules/@changesets/cli": {
      "version": "3.0.0",
      "resolved": "https://registry.npmjs.org/@changesets/cli/-/cli-3.0.0.tgz",
      "integrity": "sha512-V7Gm+GP5OT3mJinMI2YcJD/JyO/a4WChnaMCCzTRhWHgu1zhtsyY7zCjP6n5W6zsgSjJKs+yPmvtREvE0F2g8A==",
      "dev": true,
      "license": "MIT",
      "dependencies": {
        "@changesets/apply-release-plan": "^8.0.0",
        "@changesets/assemble-release-plan": "^7.0.0",
        "@changesets/changelog-git": "^1.0.0",
        "@changesets/config": "^4.0.0",
        "@changesets/errors": "^1.0.0",
        "@changesets/get-dependents-graph": "^3.0.0",
        "@changesets/git": "^4.0.0",
        "@changesets/pre": "^3.0.0",
        "@changesets/read": "^1.0.0",
        "@changesets/should-skip-package": "^1.0.0",
        "@changesets/types": "^7.0.0",
        "@changesets/write": "^1.0.0",
        "@clack/prompts": "^1.7.0",
        "@manypkg/get-packages": "^3.1.0",
        "@pnpm/deps.graph-sequencer": "^1100.0.1",
        "cac": "^7.0.0",
        "import-meta-resolve": "^4.2.0",
        "launch-editor": "^2.14.1",
        "package-manager-detector": "^1.6.0",
        "semver": "^7.8.1",
        "tinyexec": "^1.3.0"
      },
      "bin": {
        "changeset": "bin.js"
      },
      "engines": {
        "node": "^22.11 || ^24 || >=26",
        "npm": ">=10.9.0",
        "pnpm": ">=10.0.0",
        "yarn": ">=4.5.2"
      }
    },
    "node_modules/@changesets/config": {
      "version": "4.0.0",
      "resolved": "https://registry.npmjs.org/@changesets/config/-/config-4.0.0.tgz",
      "integrity": "sha512-mw95/YrkOuhZZxfnVAA4bSXOFUi+KlhzOBTM8C4x777NhUU6HWIl9Z+K+nME+E4PVsv5NQVQwTfiHihAS1A/ow==",
      "dev": true,
      "license": "MIT",
      "dependencies": {
        "@changesets/get-dependents-graph": "^3.0.0",
        "@changesets/should-skip-package": "^1.0.0",
        "@changesets/types": "^7.0.0",
        "@manypkg/get-packages": "^3.1.0",
        "picomatch": "^4.0.4"
      },
      "engines": {
        "node": "^22.11 || ^24 || >=26"
      }
    },
    "node_modules/@changesets/errors": {
      "version": "1.0.0",
      "resolved": "https://registry.npmjs.org/@changesets/errors/-/errors-1.0.0.tgz",
      "integrity": "sha512-ElN/mEzn6zmETgjwf5MclCMa9ef59sAR0lfO8VSYIsiRvbC2FbLB/92EoYw10Sl0kGixxHFiJZUSv7dA+YpR8g==",
      "dev": true,
      "license": "MIT",
      "engines": {
        "node": "^22.11 || ^24 || >=26"
      }
    },
    "node_modules/@changesets/format": {
      "version": "0.1.2",
      "resolved": "https://registry.npmjs.org/@changesets/format/-/format-0.1.2.tgz",
      "integrity": "sha512-Caez5XtNXCFS/G5bwyav3wuXL0tMxVd2ZGbaumWbzN08tyzO21asCw7JZhNtVsAZDCvDRUzZN+Iit9SyRITSYA==",
      "dev": true,
      "license": "MIT",
      "dependencies": {
        "package-manager-detector": "^1.8.0",
        "tinyexec": "^1.3.0"
      },
      "engines": {
        "node": "^22.11 || ^24 || >=26"
      }
    },
    "node_modules/@changesets/get-dependents-graph": {
      "version": "3.0.0",
      "resolved": "https://registry.npmjs.org/@changesets/get-dependents-graph/-/get-dependents-graph-3.0.0.tgz",
      "integrity": "sha512-ji/t5wFA1zREKXRUePE6Qi+Qu2UgxCeSSGQrphezwvQZrp49B7sJ+8+wvM0tA7zPeSxYKCojDy3WWgrl+s+awg==",
      "dev": true,
      "license": "MIT",
      "dependencies": {
        "@changesets/types": "^7.0.0",
        "semver": "^7.8.1"
      },
      "engines": {
        "node": "^22.11 || ^24 || >=26"
      }
    },
    "node_modules/@changesets/git": {
      "version": "4.0.0",
      "resolved": "https://registry.npmjs.org/@changesets/git/-/git-4.0.0.tgz",
      "integrity": "sha512-uIEswpPUgzBBqrC0qg13byNaPorzhf05LE2T+gRizEKCXvMsJC6NPJp5iNDSV/gYj4Viqh09UiOF5E7XWeH5lQ==",
      "dev": true,
      "license": "MIT",
      "dependencies": {
        "@changesets/errors": "^1.0.0",
        "@changesets/types": "^7.0.0",
        "@manypkg/get-packages": "^3.1.0",
        "picomatch": "^4.0.4",
        "tinyexec": "^1.3.0"
      },
      "engines": {
        "node": "^22.11 || ^24 || >=26"
      }
    },
    "node_modules/@changesets/parse": {
      "version": "1.0.0",
      "resolved": "https://registry.npmjs.org/@changesets/parse/-/parse-1.0.0.tgz",
      "integrity": "sha512-P0iaMb9p9CRYZiTgAllEIF9AUMQHIy1G72tKlcIqJp61icZSsKQNiOPdxAMZG8m/DvZwt/oz5xEbTpike//dWg==",
      "dev": true,
      "license": "MIT",
      "dependencies": {
        "@changesets/types": "^7.0.0",
        "yaml": "^2.9.0"
      },
      "engines": {
        "node": "^22.11 || ^24 || >=26"
      }
    },
    "node_modules/@changesets/pre": {
      "version": "3.0.0",
      "resolved": "https://registry.npmjs.org/@changesets/pre/-/pre-3.0.0.tgz",
      "integrity": "sha512-Zm/6YliV/a2oeWTqHJf6KxLrQwgcK1i/BRDl2m0EKZvbnxV5fG9QRhwJJGshjsZTUTS6dkfURQ2K6aAvgNw/3Q==",
      "dev": true,
      "license": "MIT",
      "dependencies": {
        "@changesets/errors": "^1.0.0",
        "@changesets/types": "^7.0.0",
        "@manypkg/get-packages": "^3.1.0"
      },
      "engines": {
        "node": "^22.11 || ^24 || >=26"
      }
    },
    "node_modules/@changesets/read": {
      "version": "1.0.0",
      "resolved": "https://registry.npmjs.org/@changesets/read/-/read-1.0.0.tgz",
      "integrity": "sha512-8TdE2PwG6yArPt5Ozej83Z6iHz1G8BDBKvIEKZ455MccR4K3GNbLR2XqjBxa+5yLFnEd3xAOPXYboBg1pt8stQ==",
      "dev": true,
      "license": "MIT",
      "dependencies": {
        "@changesets/git": "^4.0.0",
        "@changesets/parse": "^1.0.0",
        "@changesets/types": "^7.0.0"
      },
      "engines": {
        "node": "^22.11 || ^24 || >=26"
      }
    },
    "node_modules/@changesets/should-skip-package": {
      "version": "1.0.0",
      "resolved": "https://registry.npmjs.org/@changesets/should-skip-package/-/should-skip-package-1.0.0.tgz",
      "integrity": "sha512-pwqoJmbONn1XgXmZXPEExgAaT+HdZLjALFTDgIm+PnS5KeO2nLtzA2/Q+4aMFY14kFMuXKG30MObhvDzWgzDgg==",
      "dev": true,
      "license": "MIT",
      "dependencies": {
        "@changesets/types": "^7.0.0"
      },
      "engines": {
        "node": "^22.11 || ^24 || >=26"
      }
    },
    "node_modules/@changesets/types": {
      "version": "7.0.0",
      "resolved": "https://registry.npmjs.org/@changesets/types/-/types-7.0.0.tgz",
      "integrity": "sha512-c5GoiQyt3pxiXjrWSNoP8/GRf4kG+VnKzovx1OQM8dYYALlSwgedmkPmJ+ZqGxqwg9D3Bkj85Uo4KLd5BN3A0w==",
      "dev": true,
      "license": "MIT",
      "engines": {
        "node": "^22.11 || ^24 || >=26"
      }
    },
    "node_modules/@changesets/write": {
      "version": "1.0.0",
      "resolved": "https://registry.npmjs.org/@changesets/write/-/write-1.0.0.tgz",
      "integrity": "sha512-xCK3/4C7Z7muQB/wguE6HcbjtY9iOtaK9orZKE+7xi573cMGD8rLZz7qlo6IvK7s+SIUIKajzj1l+F1QuP97tw==",
      "dev": true,
      "license": "MIT",
      "dependencies": {
        "@changesets/format": "^0.1.1",
        "@changesets/types": "^7.0.0",
        "human-id": "^4.2.0"
      },
      "engines": {
        "node": "^22.11 || ^24 || >=26"
      }
    },
    "node_modules/@clack/core": {
      "version": "1.4.3",
      "resolved": "https://registry.npmjs.org/@clack/core/-/core-1.4.3.tgz",
      "integrity": "sha512-/kr3UWNtdJfxZtPgDqUOmG2pvwlmcLGheex5yiZKdwbzZJxhV+HMNR9QNmyY5cGwTNV6LrR7Jtp+KjhUAP1qBQ==",
      "dev": true,
      "license": "MIT",
      "dependencies": {
        "fast-wrap-ansi": "^0.2.0",
        "sisteransi": "^1.0.5"
      },
      "engines": {
        "node": ">= 20.12.0"
      }
    },
    "node_modules/@clack/prompts": {
      "version": "1.7.0",
      "resolved": "https://registry.npmjs.org/@clack/prompts/-/prompts-1.7.0.tgz",
      "integrity": "sha512-y7/yvZ2TPAnR9+jnc00klvNNLkJiXFFrQA/hlLCcxA9a2A4zQIOimyFQ9XfwYKiGD1fb5GY8vbKIIgO8d5Tb2A==",
      "dev": true,
      "license": "MIT",
      "dependencies": {
        "@clack/core": "1.4.3",
        "fast-string-width": "^3.0.2",
        "fast-wrap-ansi": "^0.2.0",
        "sisteransi": "^1.0.5"
      },
      "engines": {
        "node": ">= 20.12.0"
      }
    },
    "node_modules/@guardian/tsconfig": {
      "version": "2.0.0",
      "resolved": "https://registry.npmjs.org/@guardian/tsconfig/-/tsconfig-2.0.0.tgz",
      "integrity": "sha512-alvlrRwOF42tCcxkT4zL+0wauoywMK9FzRgZgx8BV/4ggVEUARTTeCc+HXIbG8Gj9EZkFWFVWJJrFLwqJAkgBw==",
      "dev": true
    },
    "node_modules/@manypkg/find-root": {
      "version": "3.1.0",
      "resolved": "https://registry.npmjs.org/@manypkg/find-root/-/find-root-3.1.0.tgz",
      "integrity": "sha512-BcSqCyKhBVZ5YkSzOiheMCV41kqAFptW6xGqYSTjkVTl9XQpr+pqHhwgGCOHQtjDCv7Is6EFyA14Sm5GVbVABA==",
      "dev": true,
      "license": "MIT",
      "dependencies": {
        "@manypkg/tools": "^2.1.0"
      },
      "engines": {
        "node": ">=20.0.0"
      }
    },
    "node_modules/@manypkg/get-packages": {
      "version": "3.1.0",
      "resolved": "https://registry.npmjs.org/@manypkg/get-packages/-/get-packages-3.1.0.tgz",
      "integrity": "sha512-0TbBVyvPrP7xGYBI/cP8UP+yl/z+HtbTttAD7FMAJgn/kXOTwh5/60TsqP9ZYY710forNfyV0N8P/IE/ujGZJg==",
      "dev": true,
      "license": "MIT",
      "dependencies": {
        "@manypkg/find-root": "^3.1.0",
        "@manypkg/tools": "^2.1.0"
      },
      "engines": {
        "node": ">=20.0.0"
      }
    },
    "node_modules/@manypkg/tools": {
      "version": "2.1.2",
      "resolved": "https://registry.npmjs.org/@manypkg/tools/-/tools-2.1.2.tgz",
      "integrity": "sha512-6QEf6yqFbETdwGITKq57aYoPfX/3K8XFNwsAlx0C1M7o8cb79sv1M3w+tWuWvIcSbNqrLF7OD7YpZMVVz335hQ==",
      "dev": true,
      "license": "MIT",
      "dependencies": {
        "jju": "^1.4.0",
        "tinyglobby": "^0.2.13",
        "yaml": "^2.9.0"
      },
      "engines": {
        "node": ">=20.0.0"
      }
    },
    "node_modules/@pnpm/deps.graph-sequencer": {
      "version": "1100.0.1",
      "resolved": "https://registry.npmjs.org/@pnpm/deps.graph-sequencer/-/deps.graph-sequencer-1100.0.1.tgz",
      "integrity": "sha512-pOr5+q1fLYKwFN3LAJuGZEnfXDcQ73zqgDHMtGy+K+uIoUqyY+6MeDCWFwfu+4EFuq76I5EPFofoNAI+Bmmq4A==",
      "dev": true,
      "license": "MIT",
      "engines": {
        "node": ">=22.13"
      },
      "funding": {
        "url": "https://opencollective.com/pnpm"
      }
    },
    "node_modules/@smithy/core": {
      "version": "3.31.1",
      "resolved": "https://registry.npmjs.org/@smithy/core/-/core-3.31.1.tgz",
      "integrity": "sha512-CyogUINxvi7C7LDsh8Syo6hVJOT9ckz4rG8dRZfTJ8r91HkMY59PnNooaj7WcHyxEkxPfBAmbgztZU+xTo76lg==",
      "license": "Apache-2.0",
      "peer": true,
      "dependencies": {
        "@smithy/types": "^4.16.1",
        "tslib": "^2.6.2"
      },
      "engines": {
        "node": ">=18.0.0"
      }
    },
    "node_modules/@smithy/credential-provider-imds": {
      "version": "4.4.16",
      "resolved": "https://registry.npmjs.org/@smithy/credential-provider-imds/-/credential-provider-imds-4.4.16.tgz",
      "integrity": "sha512-QfuLWAkLzptffFW980AFeHZFdqds2B64rpEd3uJ6lgs3xVn9QegGMUgUcj+4d7dRrAsya3r58ZKpku97WcFb4w==",
      "license": "Apache-2.0",
      "peer": true,
      "dependencies": {
        "@smithy/core": "^3.31.1",
        "@smithy/types": "^4.16.1",
        "tslib": "^2.6.2"
      },
      "engines": {
        "node": ">=18.0.0"
      }
    },
    "node_modules/@smithy/fetch-http-handler": {
      "version": "5.6.13",
      "resolved": "https://registry.npmjs.org/@smithy/fetch-http-handler/-/fetch-http-handler-5.6.13.tgz",
      "integrity": "sha512-4fW86pEUOMbrD5nkbyl/tTvPHHWJFbuB2odl6ps9lWfHoXf9HWh3Q/Smh59qH1g7+c/BSZghX6bbUk4gsiMs8A==",
      "license": "Apache-2.0",
      "peer": true,
      "dependencies": {
        "@smithy/core": "^3.31.1",
        "@smithy/types": "^4.16.1",
        "tslib": "^2.6.2"
      },
      "engines": {
        "node": ">=18.0.0"
      }
    },
    "node_modules/@smithy/node-http-handler": {
      "version": "4.9.13",
      "resolved": "https://registry.npmjs.org/@smithy/node-http-handler/-/node-http-handler-4.9.13.tgz",
      "integrity": "sha512-Nmd/Nl35zfYrd+a6OO2cDJb3GPh9bgTjIUhcM+JFfjpp8/osCgboDV5nCT1I01Pv6R13eSKDKLSoVa5ZB6Zsfw==",
      "license": "Apache-2.0",
      "peer": true,
      "dependencies": {
        "@smithy/core": "^3.31.1",
        "@smithy/types": "^4.16.1",
        "tslib": "^2.6.2"
      },
      "engines": {
        "node": ">=18.0.0"
      }
    },
    "node_modules/@smithy/signature-v4": {
      "version": "5.6.12",
      "resolved": "https://registry.npmjs.org/@smithy/signature-v4/-/signature-v4-5.6.12.tgz",
      "integrity": "sha512-I6KLtq3H0qqSuV9vLglfi8puHqzygzWHOnI4z/Rdoo+q50vvo18vBRdPAvvEtcaKROz7Zn6qnPa14kRfPH6PcQ==",
      "license": "Apache-2.0",
      "peer": true,
      "dependencies": {
        "@smithy/core": "^3.31.1",
        "@smithy/types": "^4.16.1",
        "tslib": "^2.6.2"
      },
      "engines": {
        "node": ">=18.0.0"
      }
    },
    "node_modules/@smithy/types": {
      "version": "4.16.1",
      "resolved": "https://registry.npmjs.org/@smithy/types/-/types-4.16.1.tgz",
      "integrity": "sha512-0JFs3V2y2M9tKW5na/qxe69Zv+uxLMO7QBbhxF/FHu/Gp2NFZAAL9tWl9PU02xxo07pb3G9FTyjNc6D5uZrJIg==",
      "license": "Apache-2.0",
      "peer": true,
      "dependencies": {
        "tslib": "^2.6.2"
      },
      "engines": {
        "node": ">=18.0.0"
      }
    },
    "node_modules/bowser": {
      "version": "2.14.1",
      "resolved": "https://registry.npmjs.org/bowser/-/bowser-2.14.1.tgz",
      "integrity": "sha512-tzPjzCxygAKWFOJP011oxFHs57HzIhOEracIgAePE4pqB3LikALKnSzUyU4MGs9/iCEUuHlAJTjTc5M+u7YEGg==",
      "license": "MIT",
      "peer": true
    },
    "node_modules/cac": {
      "version": "7.0.0",
      "resolved": "https://registry.npmjs.org/cac/-/cac-7.0.0.tgz",
      "integrity": "sha512-tixWYgm5ZoOD+3g6UTea91eow5z6AAHaho3g0V9CNSNb45gM8SmflpAc+GRd1InC4AqN/07Unrgp56Y94N9hJQ==",
      "dev": true,
      "license": "MIT",
      "engines": {
        "node": ">=20.19.0"
      }
    },
    "node_modules/fast-string-truncated-width": {
      "version": "3.0.3",
      "resolved": "https://registry.npmjs.org/fast-string-truncated-width/-/fast-string-truncated-width-3.0.3.tgz",
      "integrity": "sha512-0jjjIEL6+0jag3l2XWWizO64/aZVtpiGE3t0Zgqxv0DPuxiMjvB3M24fCyhZUO4KomJQPj3LTSUnDP3GpdwC0g==",
      "dev": true,
      "license": "MIT"
    },
    "node_modules/fast-string-width": {
      "version": "3.0.2",
      "resolved": "https://registry.npmjs.org/fast-string-width/-/fast-string-width-3.0.2.tgz",
      "integrity": "sha512-gX8LrtNEI5hq8DVUfRQMbr5lpaS4nMIWV+7XEbXk2b8kiQIizgnlr12B4dA3ZEx3308ze0O4Q1R+cHts8kyUJg==",
      "dev": true,
      "license": "MIT",
      "dependencies": {
        "fast-string-truncated-width": "^3.0.2"
      }
    },
    "node_modules/fast-wrap-ansi": {
      "version": "0.2.2",
      "resolved": "https://registry.npmjs.org/fast-wrap-ansi/-/fast-wrap-ansi-0.2.2.tgz",
      "integrity": "sha512-7F2Fl+TjRSenLqlU3UjSH0iyqopqoZIu7eZVpEirP2g1GtWa2G/ecEmBdgz31+Mxr+ELclgg6sokpSFIQiZ02Q==",
      "dev": true,
      "license": "MIT",
      "dependencies": {
        "fast-string-width": "^3.0.2"
      }
    },
    "node_modules/fdir": {
      "version": "6.5.0",
      "resolved": "https://registry.npmjs.org/fdir/-/fdir-6.5.0.tgz",
      "integrity": "sha512-tIbYtZbucOs0BRGqPJkshJUYdL+SDH7dVM8gjy+ERp3WAUjLEFJE+02kanyHtwjWOnwrKYBiwAmM0p4kLJAnXg==",
      "dev": true,
      "license": "MIT",
      "engines": {
        "node": ">=12.0.0"
      },
      "peerDependencies": {
        "picomatch": "^3 || ^4"
      },
      "peerDependenciesMeta": {
        "picomatch": {
          "optional": true
        }
      }
    },
    "node_modules/human-id": {
      "version": "4.2.0",
      "resolved": "https://registry.npmjs.org/human-id/-/human-id-4.2.0.tgz",
      "integrity": "sha512-K3GbkIWqyvvlpfhBPlbEvD97TtqBpAYA4kt+cn2lD2x2HuohzZCibcA2nOlnJT6exqvJLggoB5nv2dNf192nEA==",
      "dev": true,
      "license": "MIT",
      "bin": {
        "human-id": "dist/cli.js"
      }
    },
    "node_modules/import-meta-resolve": {
      "version": "4.2.0",
      "resolved": "https://registry.npmjs.org/import-meta-resolve/-/import-meta-resolve-4.2.0.tgz",
      "integrity": "sha512-Iqv2fzaTQN28s/FwZAoFq0ZSs/7hMAHJVX+w8PZl3cY19Pxk6jFFalxQoIfW2826i/fDLXv8IiEZRIT0lDuWcg==",
      "dev": true,
      "license": "MIT",
      "funding": {
        "type": "github",
        "url": "https://github.com/sponsors/wooorm"
      }
    },
    "node_modules/jju": {
      "version": "1.4.0",
      "resolved": "https://registry.npmjs.org/jju/-/jju-1.4.0.tgz",
      "integrity": "sha512-8wb9Yw966OSxApiCt0K3yNJL8pnNeIv+OEq2YMidz4FKP6nonSRoOXc80iXY4JaN2FC11B9qsNmDsm+ZOfMROA==",
      "dev": true,
      "license": "MIT"
    },
    "node_modules/jsonc-parser": {
      "version": "3.3.1",
      "resolved": "https://registry.npmjs.org/jsonc-parser/-/jsonc-parser-3.3.1.tgz",
      "integrity": "sha512-HUgH65KyejrUFPvHFPbqOY0rsFip3Bo5wb4ngvdi1EpCYWUQDC5V+Y7mZws+DLkr4M//zQJoanu1SP+87Dv1oQ==",
      "dev": true,
      "license": "MIT"
    },
    "node_modules/launch-editor": {
      "version": "2.14.1",
      "resolved": "https://registry.npmjs.org/launch-editor/-/launch-editor-2.14.1.tgz",
      "integrity": "sha512-QWBrQsMpH7gPr965dsKD/3cKWiNoTjpATQf++Xq63N6sKRGMwlVXz41O1IZTMfZQgBctD/K5Zt06+/I6pP6+HA==",
      "dev": true,
      "license": "MIT",
      "dependencies": {
        "picocolors": "^1.1.1",
        "shell-quote": "^1.8.4"
      }
    },
    "node_modules/package-manager-detector": {
      "version": "1.8.0",
      "resolved": "https://registry.npmjs.org/package-manager-detector/-/package-manager-detector-1.8.0.tgz",
      "integrity": "sha512-yQA4H19AmPEoMUeavPMDIe1higySl/gH/yaQrkT/s07Qp+7pp2hYz30N3z2l5BkjVkF9Ow6o0wjJamm2y7Sn0A==",
      "dev": true,
      "license": "MIT"
    },
    "node_modules/picocolors": {
      "version": "1.1.1",
      "resolved": "https://registry.npmjs.org/picocolors/-/picocolors-1.1.1.tgz",
      "integrity": "sha512-xceH2snhtb5M9liqDsmEw56le376mTZkEX/jEb/RxNFyegNul7eNslCXP9FDj/Lcu0X8KEyMceP2ntpaHrDEVA==",
      "dev": true,
      "license": "ISC"
    },
    "node_modules/picomatch": {
      "version": "4.0.5",
      "resolved": "https://registry.npmjs.org/picomatch/-/picomatch-4.0.5.tgz",
      "integrity": "sha512-RvwwcruNjI1ncT5xRakeyS9Lf8lcItv34KD+aif+VH9kduAyfYBipGh12274xtenIPZ119/R9BdTBa8gAwSh0A==",
      "dev": true,
      "license": "MIT",
      "engines": {
        "node": ">=12"
      },
      "funding": {
        "url": "https://github.com/sponsors/jonschlinkert"
      }
    },
    "node_modules/semver": {
      "version": "7.8.5",
      "resolved": "https://registry.npmjs.org/semver/-/semver-7.8.5.tgz",
      "integrity": "sha512-Y7/KDsb8LjooZpwaqGyulO6DQlksgCncchHGk+sZIY4SBvUocMBEFH5Ur1fI4dV+Jvl0w6cjvucaIi40puRioA==",
      "dev": true,
      "license": "ISC",
      "bin": {
        "semver": "bin/semver.js"
      },
      "engines": {
        "node": ">=10"
      }
    },
    "node_modules/shell-quote": {
      "version": "1.10.0",
      "resolved": "https://registry.npmjs.org/shell-quote/-/shell-quote-1.10.0.tgz",
      "integrity": "sha512-w1aiOKwKuRgtwAReIIj89puqg+I7GvX4IbLrvmhXbzQsj1+Zwi4VO3+fa6ZF91TWSjIxoEkKnMeHcLEODK5ZXA==",
      "dev": true,
      "license": "MIT",
      "engines": {
        "node": ">= 0.4"
      },
      "funding": {
        "url": "https://github.com/sponsors/ljharb"
      }
    },
    "node_modules/sisteransi": {
      "version": "1.0.5",
      "resolved": "https://registry.npmjs.org/sisteransi/-/sisteransi-1.0.5.tgz",
      "integrity": "sha512-bLGGlR1QxBcynn2d5YmDX4MGjlZvy2MRBDRNHLJ8VI6l6+9FUiyTFNJ0IveOSP0bcXgVDPRcfGqA0pjaqUpfVg==",
      "dev": true,
      "license": "MIT"
    },
    "node_modules/tinyexec": {
      "version": "1.3.0",
      "resolved": "https://registry.npmjs.org/tinyexec/-/tinyexec-1.3.0.tgz",
      "integrity": "sha512-QKAl9m8gWWGHV8jZcPeym6j+XULi6tOf1mT83WYJ4Lk2ytW/uwAWkrP0uFsdoYMdueVJ0qs26wZ+23xeB4ibNQ==",
      "dev": true,
      "license": "MIT",
      "engines": {
        "node": ">=18"
      }
    },
    "node_modules/tinyglobby": {
      "version": "0.2.17",
      "resolved": "https://registry.npmjs.org/tinyglobby/-/tinyglobby-0.2.17.tgz",
      "integrity": "sha512-wXR/dYpcqKmfWpEdZjiKJOwCNFndD0DMnrW/cYjVGttEkBfVgcLFHoNrlj47mjOVic9yyNu65alsgF4NQyTa2g==",
      "dev": true,
      "license": "MIT",
      "dependencies": {
        "fdir": "^6.5.0",
        "picomatch": "^4.0.4"
      },
      "engines": {
        "node": ">=12.0.0"
      },
      "funding": {
        "url": "https://github.com/sponsors/SuperchupuDev"
      }
    },
    "node_modules/tslib": {
      "version": "2.8.1",
      "resolved": "https://registry.npmjs.org/tslib/-/tslib-2.8.1.tgz",
      "integrity": "sha512-oJFu94HQb+KVduSUQL7wnpmqnfmLsOA/nAh6b6EH0wCEoK0/mPeXU6c3wKDV83MkOuHPRHtSXKKU99IBazS/2w==",
      "license": "0BSD",
      "peer": true
    },
    "node_modules/typescript": {
      "version": "5.9.3",
      "resolved": "https://registry.npmjs.org/typescript/-/typescript-5.9.3.tgz",
      "integrity": "sha512-jl1vZzPDinLr9eUt3J/t7V6FgNEw9QjvBPdysz9KfQDD41fQrC2Y4vKQdiaUpFT4bXlb1RHhLpp8wtm6M5TgSw==",
      "dev": true,
      "license": "Apache-2.0",
      "bin": {
        "tsc": "bin/tsc",
        "tsserver": "bin/tsserver"
      },
      "engines": {
        "node": ">=14.17"
      }
    },
    "node_modules/yaml": {
      "version": "2.9.0",
      "resolved": "https://registry.npmjs.org/yaml/-/yaml-2.9.0.tgz",
      "integrity": "sha512-2AvhNX3mb8zd6Zy7INTtSpl1F15HW6Wnqj0srWlkKLcpYl/gMIMJiyuGq2KeI2YFxUPjdlB+3Lc10seMLtL4cA==",
      "dev": true,
      "license": "ISC",
      "bin": {
        "yaml": "bin.mjs"
      },
      "engines": {
        "node": ">= 14.6"
      },
      "funding": {
        "url": "https://github.com/sponsors/eemeli"
      }
    }
  }
}
